
Microsoft Visual Studio Solution File, Format Version 12.00
# Visual Studio Version 16
VisualStudioVersion = 16.0.30503.244
MinimumVisualStudioVersion = 10.0.40219.1
Project("{FAE04EC0-301F-11D3-BF4B-00C04F79EFBC}") = "GeniyIdiotConsoleApp", "GeniyIdiotConsoleApp\GeniyIdiotConsoleApp.csproj", "{06FA19D2-2E36-4753-A54D-45CDCD0E0B6F}"
EndProject
Project("{FAE04EC0-301F-11D3-BF4B-00C04F79EFBC}") = "GeniyIdiotWindowsFormsApp", "GeniyIdiotWindowsFormsApp\GeniyIdiotWindowsFormsApp.csproj", "{C604FD40-F8F5-40F0-93A4-553BCFB3F825}"
EndProject
Project("{FAE04EC0-301F-11D3-BF4B-00C04F79EFBC}") = "GeniyIdiotClassLibrary", "GeniyIdiotClassLibrary\GeniyIdiotClassLibrary.csproj", "{77933441-5F47-40D4-A71A-72077FC21615}"
EndProject
Global
	GlobalSection(SolutionConfigurationPlatforms) = preSolution
		Debug|Any CPU = Debug|Any CPU
		Release|Any CPU = Release|Any CPU
	EndGlobalSection
	GlobalSection(ProjectConfigurationPlatforms) = postSolution
		{06FA19D2-2E36-4753-A54D-45CDCD0E0B6F}.Debug|Any CPU.ActiveCfg = Debug|Any CPU
		{06FA19D2-2E36-4753-A54D-45CDCD0E0B6F}.Debug|Any CPU.Build.0 = Debug|Any CPU
		{06FA19D2-2E36-4753-A54D-45CDCD0E0B6F}.Release|Any CPU.ActiveCfg = Release|Any CPU
		{06FA19D2-2E36-4753-A54D-45CDCD0E0B6F}.Release|Any CPU.Build.0 = Release|Any CPU
		{C604FD40-F8F5-40F0-93A4-553BCFB3F825}.Debug|Any CPU.ActiveCfg = Debug|Any CPU
		{C604FD40-F8F5-40F0-93A4-553BCFB3F825}.Debug|Any CPU.Build.0 = Debug|Any CPU
		{C604FD40-F8F5-40F0-93A4-553BCFB3F825}.Release|Any CPU.ActiveCfg = Release|Any CPU
		{C604FD40-F8F5-40F0-93A4-553BCFB3F825}.Release|Any CPU.Build.0 = Release|Any CPU
		{77933441-5F47-40D4-A71A-72077FC21615}.Debug|Any CPU.ActiveCfg = Debug|Any CPU
		{77933441-5F47-40D4-A71A-72077FC21615}.Debug|Any CPU.Build.0 = Debug|Any CPU
		{77933441-5F47-40D4-A71A-72077FC21615}.Release|Any CPU.ActiveCfg = Release|Any CPU
		{77933441-5F47-40D4-A71A-72077FC21615}.Release|Any CPU.Build.0 = Release|Any CPU
	EndGlobalSection
	GlobalSection(SolutionProperties) = preSolution
		HideSolutionNode = FALSE
	EndGlobalSection
	GlobalSection(ExtensibilityGlobals) = postSolution
		SolutionGuid = {A69EFCB1-C2EA-41CE-AF48-20D68006E0E2}
	EndGlobalSection
EndGlobal
